<?xml version="1.0" encoding="utf-8"?>
<Project ToolsVersion="4.0" xmlns="http://schemas.microsoft.com/developer/msbuild/2003">
  <ItemGroup>
    <Filter Include="Исходные файлы">
      <UniqueIdentifier>{4FC737F1-C7A5-4376-A066-2A32D752A2FF}</UniqueIdentifier>
      <Extensions>cpp;c;cc;cxx;c++;cppm;ixx;def;odl;idl;hpj;bat;asm;asmx</Extensions>
    </Filter>
    <Filter Include="Файлы заголовков">
      <UniqueIdentifier>{93995380-89BD-4b04-88EB-625FBE52EBFB}</UniqueIdentifier>
      <Extensions>h;hh;hpp;hxx;h++;hm;inl;inc;ipp;xsd</Extensions>
    </Filter>
    <Filter Include="Файлы ресурсов">
      <UniqueIdentifier>{67DA6AB6-F800-4c08-8B7A-83BB121AAD01}</UniqueIdentifier>
      <Extensions>rc;ico;cur;bmp;dlg;rc2;rct;bin;rgs;gif;jpg;jpeg;jpe;resx;tiff;tif;png;wav;mfcribbon-ms</Extensions>
    </Filter>
  </ItemGroup>
  <ItemGroup>
    <ClInclude Include="DivingWatches.h">
      <Filter>Файлы заголовков</Filter>
    </ClInclude>
    <ClInclude Include="DiveComp.h">
      <Filter>Файлы заголовков</Filter>
    </ClInclude>
    <ClInclude Include="Watcher.h">
      <Filter>Файлы заголовков</Filter>
    </ClInclude>
    <ClInclude Include="GTMWatches.h">
      <Filter>Файлы заголовков</Filter>
    </ClInclude>
    <ClInclude Include="Temp.h">
      <Filter>Файлы заголовков</Filter>
    </ClInclude>
    <ClInclude Include="Logical.h">
      <Filter>Файлы заголовков</Filter>
    </ClInclude>
    <ClInclude Include="User.h">
      <Filter>Файлы заголовков</Filter>
    </ClInclude>
    <ClInclude Include="Menu.h">
      <Filter>Файлы заголовков</Filter>
    </ClInclude>
  </ItemGroup>
  <ItemGroup>
    <ClCompile Include="DivingWatches.cpp">
      <Filter>Исходные файлы</Filter>
    </ClCompile>
    <ClCompile Include="DiveComp.cpp">
      <Filter>Исходные файлы</Filter>
    </ClCompile>
    <ClCompile Include="GTMWatches.cpp">
      <Filter>Исходные файлы</Filter>
    </ClCompile>
    <ClCompile Include="User.cpp">
      <Filter>Исходные файлы</Filter>
    </ClCompile>
    <ClCompile Include="menu.cpp">
      <Filter>Исходные файлы</Filter>
    </ClCompile>
    <ClCompile Include="main.cpp">
      <Filter>Исходные файлы</Filter>
    </ClCompile>
  </ItemGroup>
  <ItemGroup>
    <Text Include="author_ru.txt">
      <Filter>Файлы ресурсов</Filter>
    </Text>
    <Text Include="author_en.txt">
      <Filter>Файлы ресурсов</Filter>
    </Text>
    <Text Include="o_programme_ru.txt">
      <Filter>Файлы ресурсов</Filter>
    </Text>
    <Text Include="o_programme_en.txt">
      <Filter>Файлы ресурсов</Filter>
    </Text>
    <Text Include="rykovodstvo_ru.txt">
      <Filter>Файлы ресурсов</Filter>
    </Text>
    <Text Include="rykovodstvo_en.txt">
      <Filter>Файлы ресурсов</Filter>
    </Text>
    <Text Include="config.txt">
      <Filter>Файлы ресурсов</Filter>
    </Text>
    <Text Include="lang_ru.txt">
      <Filter>Файлы ресурсов</Filter>
    </Text>
    <Text Include="lang_en.txt">
      <Filter>Файлы ресурсов</Filter>
    </Text>
    <Text Include="menu_en.txt">
      <Filter>Файлы ресурсов</Filter>
    </Text>
    <Text Include="menu_ru.txt">
      <Filter>Файлы ресурсов</Filter>
    </Text>
    <Text Include="DiveComp.txt" />
    <Text Include="DivingWatches.txt" />
    <Text Include="GTMWatches.txt" />
    <Text Include="User.txt" />
    <Text Include="Watches.txt">
      <Filter>Файлы ресурсов</Filter>
    </Text>
  </ItemGroup>
</Project>